# This file is automatically @generated by Cargo.
# It is not intended for manual editing.
version = 3

[[package]]
name = "rust-bin"
version = "0.1.0"
dependencies = [
 "tcmalloc",
]

[[package]]
name = "tcmalloc"
version = "0.3.0"
source = "registry+https://github.com/rust-lang/crates.io-index"
checksum = "375205113d84a1c5eeed67beaa0ce08e41be1a9d5acc3425ad2381fddd9d819b"
